
Microsoft Visual Studio Solution File, Format Version 12.00
# Visual Studio Version 17
VisualStudioVersion = 17.1.32421.90
MinimumVisualStudioVersion = 10.0.40219.1
Project("{FAE04EC0-301F-11D3-BF4B-00C04F79EFBC}") = "EjercicioClase7", "EjercicioClase7\EjercicioClase7.csproj", "{198279B7-B940-4748-B0B3-E1167B3D659F}"
EndProject
Global
	GlobalSection(SolutionConfigurationPlatforms) = preSolution
		Debug|Any CPU = Debug|Any CPU
		Release|Any CPU = Release|Any CPU
	EndGlobalSection
	GlobalSection(ProjectConfigurationPlatforms) = postSolution
		{198279B7-B940-4748-B0B3-E1167B3D659F}.Debug|Any CPU.ActiveCfg = Debug|Any CPU
		{198279B7-B940-4748-B0B3-E1167B3D659F}.Debug|Any CPU.Build.0 = Debug|Any CPU
		{198279B7-B940-4748-B0B3-E1167B3D659F}.Release|Any CPU.ActiveCfg = Release|Any CPU
		{198279B7-B940-4748-B0B3-E1167B3D659F}.Release|Any CPU.Build.0 = Release|Any CPU
	EndGlobalSection
	GlobalSection(SolutionProperties) = preSolution
		HideSolutionNode = FALSE
	EndGlobalSection
	GlobalSection(ExtensibilityGlobals) = postSolution
		SolutionGuid = {AD5DB29A-6D1C-4931-B3C2-678354CBA546}
	EndGlobalSection
EndGlobal
